// !$*UTF8*$!
{
	archiveVersion = 1;
	classes = {
	};
	objectVersion = 55;
	objects = {

/* Begin PBXBuildFile section */
		940F159C2841CEAE003A5297 /* String+Extension.swift in Sources */ = {isa = PBXBuildFile; fileRef = 940F159B2841CEAE003A5297 /* String+Extension.swift */; };
		940F159E2841D483003A5297 /* UIView+Extensions.swift in Sources */ = {isa = PBXBuildFile; fileRef = 940F159D2841D483003A5297 /* UIView+Extensions.swift */; };
		947F587F28426CF000E5A2E3 /* SearchSeriesViewController.swift in Sources */ = {isa = PBXBuildFile; fileRef = 947F587D28426CF000E5A2E3 /* SearchSeriesViewController.swift */; };
		947F588328426D9900E5A2E3 /* SearchSeriesViewModel.swift in Sources */ = {isa = PBXBuildFile; fileRef = 947F588228426D9900E5A2E3 /* SearchSeriesViewModel.swift */; };
		947F588628426F9400E5A2E3 /* AppearanceManager.swift in Sources */ = {isa = PBXBuildFile; fileRef = 947F588528426F9400E5A2E3 /* AppearanceManager.swift */; };
		94AEB3BC2843F5E0007630AB /* EpisodesDetailViewModel.swift in Sources */ = {isa = PBXBuildFile; fileRef = 94AEB3BB2843F5E0007630AB /* EpisodesDetailViewModel.swift */; };
		94AEB3C028440228007630AB /* EpisodeDetailLogoTitleCell.swift in Sources */ = {isa = PBXBuildFile; fileRef = 94AEB3BE28440228007630AB /* EpisodeDetailLogoTitleCell.swift */; };
		94AEB3C128440228007630AB /* EpisodeDetailLogoTitleCell.xib in Resources */ = {isa = PBXBuildFile; fileRef = 94AEB3BF28440228007630AB /* EpisodeDetailLogoTitleCell.xib */; };
		94AEB3C328441407007630AB /* SeriesListProvider.swift in Sources */ = {isa = PBXBuildFile; fileRef = 94AEB3C228441407007630AB /* SeriesListProvider.swift */; };
		94AEB3C62844142A007630AB /* SeriesSearchProvider.swift in Sources */ = {isa = PBXBuildFile; fileRef = 94AEB3C52844142A007630AB /* SeriesSearchProvider.swift */; };
		94AEB3C92844144A007630AB /* SeriesDetailProvider.swift in Sources */ = {isa = PBXBuildFile; fileRef = 94AEB3C82844144A007630AB /* SeriesDetailProvider.swift */; };
		94AEB3CC28441DCE007630AB /* StateViewModelProtocol.swift in Sources */ = {isa = PBXBuildFile; fileRef = 94AEB3CB28441DCE007630AB /* StateViewModelProtocol.swift */; };
		94AEB3CF2844226D007630AB /* TabBarController.swift in Sources */ = {isa = PBXBuildFile; fileRef = 94AEB3CE2844226D007630AB /* TabBarController.swift */; };
		94AEB3D128442299007630AB /* TabBarViewModel.swift in Sources */ = {isa = PBXBuildFile; fileRef = 94AEB3D028442299007630AB /* TabBarViewModel.swift */; };
		94AEB3D5284422C9007630AB /* TabBarModels.swift in Sources */ = {isa = PBXBuildFile; fileRef = 94AEB3D4284422C9007630AB /* TabBarModels.swift */; };
		94AEB3D9284429EE007630AB /* PeopleSearchViewController.swift in Sources */ = {isa = PBXBuildFile; fileRef = 94AEB3D8284429EE007630AB /* PeopleSearchViewController.swift */; };
		94AEB3DB28442B19007630AB /* PeopleAPI.swift in Sources */ = {isa = PBXBuildFile; fileRef = 94AEB3DA28442B19007630AB /* PeopleAPI.swift */; };
		94AEB3DF28444B56007630AB /* UICollectionView+Register.swift in Sources */ = {isa = PBXBuildFile; fileRef = 94AEB3DE28444B56007630AB /* UICollectionView+Register.swift */; };
		94AEB3E228444BC1007630AB /* RegisterProtocols.swift in Sources */ = {isa = PBXBuildFile; fileRef = 94AEB3E128444BC1007630AB /* RegisterProtocols.swift */; };
		94AEB3E628444C01007630AB /* PeopleListCell.swift in Sources */ = {isa = PBXBuildFile; fileRef = 94AEB3E428444C01007630AB /* PeopleListCell.swift */; };
		94AEB3E728444C01007630AB /* PeopleListCell.xib in Resources */ = {isa = PBXBuildFile; fileRef = 94AEB3E528444C01007630AB /* PeopleListCell.xib */; };
		94AEB3E928445119007630AB /* ImageView+Extension.swift in Sources */ = {isa = PBXBuildFile; fileRef = 94AEB3E828445119007630AB /* ImageView+Extension.swift */; };
		94AEB3EC28445229007630AB /* PeopleSearchViewModel.swift in Sources */ = {isa = PBXBuildFile; fileRef = 94AEB3EB28445229007630AB /* PeopleSearchViewModel.swift */; };
		94AEB3EF284452FE007630AB /* PeopleSearchModel.swift in Sources */ = {isa = PBXBuildFile; fileRef = 94AEB3EE284452FE007630AB /* PeopleSearchModel.swift */; };
		94AEB3F1284453FD007630AB /* People.swift in Sources */ = {isa = PBXBuildFile; fileRef = 94AEB3F0284453FD007630AB /* People.swift */; };
		94AEB3F5284458FD007630AB /* PeopleSearchProvider.swift in Sources */ = {isa = PBXBuildFile; fileRef = 94AEB3F4284458FD007630AB /* PeopleSearchProvider.swift */; };
		94AEB3F828445EE3007630AB /* SearchCollectionViewLayout.swift in Sources */ = {isa = PBXBuildFile; fileRef = 94AEB3F728445EE3007630AB /* SearchCollectionViewLayout.swift */; };
		94AEB40028446ED3007630AB /* FavoritesSeriesManager.swift in Sources */ = {isa = PBXBuildFile; fileRef = 94AEB3FF28446ED3007630AB /* FavoritesSeriesManager.swift */; };
		94AEB40228446EDB007630AB /* UserDefaultItem.swift in Sources */ = {isa = PBXBuildFile; fileRef = 94AEB40128446EDB007630AB /* UserDefaultItem.swift */; };
		94AEB4052844722A007630AB /* FavoritesSeriesViewController.swift in Sources */ = {isa = PBXBuildFile; fileRef = 94AEB4042844722A007630AB /* FavoritesSeriesViewController.swift */; };
		94AEB40828447241007630AB /* FavoritesSeriesViewModel.swift in Sources */ = {isa = PBXBuildFile; fileRef = 94AEB40728447241007630AB /* FavoritesSeriesViewModel.swift */; };
		94EDC86928417BB7005D8375 /* AppDelegate.swift in Sources */ = {isa = PBXBuildFile; fileRef = 94EDC86828417BB7005D8375 /* AppDelegate.swift */; };
		94EDC86B28417BB7005D8375 /* SceneDelegate.swift in Sources */ = {isa = PBXBuildFile; fileRef = 94EDC86A28417BB7005D8375 /* SceneDelegate.swift */; };
		94EDC87228417BB8005D8375 /* Assets.xcassets in Resources */ = {isa = PBXBuildFile; fileRef = 94EDC87128417BB8005D8375 /* Assets.xcassets */; };
		94EDC87528417BB8005D8375 /* LaunchScreen.storyboard in Resources */ = {isa = PBXBuildFile; fileRef = 94EDC87328417BB8005D8375 /* LaunchScreen.storyboard */; };
		94EDC88028417BB8005D8375 /* SeriesCatalogTests.swift in Sources */ = {isa = PBXBuildFile; fileRef = 94EDC87F28417BB8005D8375 /* SeriesCatalogTests.swift */; };
		94EDC88A28417BB8005D8375 /* SeriesCatalogUITests.swift in Sources */ = {isa = PBXBuildFile; fileRef = 94EDC88928417BB8005D8375 /* SeriesCatalogUITests.swift */; };
		94EDC88C28417BB8005D8375 /* SeriesCatalogUITestsLaunchTests.swift in Sources */ = {isa = PBXBuildFile; fileRef = 94EDC88B28417BB8005D8375 /* SeriesCatalogUITestsLaunchTests.swift */; };
		94EDC8A128417D1A005D8375 /* UITableView+Register.swift in Sources */ = {isa = PBXBuildFile; fileRef = 94EDC89A28417D1A005D8375 /* UITableView+Register.swift */; };
		94EDC8A228417D1A005D8375 /* NetworkProvider.swift in Sources */ = {isa = PBXBuildFile; fileRef = 94EDC89C28417D1A005D8375 /* NetworkProvider.swift */; };
		94EDC8A328417D1A005D8375 /* ServiceError.swift in Sources */ = {isa = PBXBuildFile; fileRef = 94EDC89D28417D1A005D8375 /* ServiceError.swift */; };
		94EDC8A428417D1A005D8375 /* URLRequestProtocol.swift in Sources */ = {isa = PBXBuildFile; fileRef = 94EDC89E28417D1A005D8375 /* URLRequestProtocol.swift */; };
		94EDC8A528417D1A005D8375 /* NetworkLogger.swift in Sources */ = {isa = PBXBuildFile; fileRef = 94EDC89F28417D1A005D8375 /* NetworkLogger.swift */; };
		94EDC8B028417E02005D8375 /* SeriesListViewModel.swift in Sources */ = {isa = PBXBuildFile; fileRef = 94EDC8AF28417E02005D8375 /* SeriesListViewModel.swift */; };
		94EDC8B428417E72005D8375 /* SeriesListCell.swift in Sources */ = {isa = PBXBuildFile; fileRef = 94EDC8B228417E72005D8375 /* SeriesListCell.swift */; };
		94EDC8B528417E72005D8375 /* SeriesListCell.xib in Resources */ = {isa = PBXBuildFile; fileRef = 94EDC8B328417E72005D8375 /* SeriesListCell.xib */; };
		94EDC8B828417FCD005D8375 /* SDWebImage in Frameworks */ = {isa = PBXBuildFile; productRef = 94EDC8B728417FCD005D8375 /* SDWebImage */; };
		94EDC8BD28418267005D8375 /* SeriesTableViewController.swift in Sources */ = {isa = PBXBuildFile; fileRef = 94EDC8BC28418267005D8375 /* SeriesTableViewController.swift */; };
		94EDC8BF28418677005D8375 /* SeriesAPI.swift in Sources */ = {isa = PBXBuildFile; fileRef = 94EDC8BE28418677005D8375 /* SeriesAPI.swift */; };
		94EDC8C2284187BC005D8375 /* Series.swift in Sources */ = {isa = PBXBuildFile; fileRef = 94EDC8C1284187BC005D8375 /* Series.swift */; };
		94FDDC982842C6B800105705 /* SeriesDetailViewController.swift in Sources */ = {isa = PBXBuildFile; fileRef = 94FDDC962842C6B800105705 /* SeriesDetailViewController.swift */; };
		94FDDC9C2842C72B00105705 /* SeriesDetailViewModel.swift in Sources */ = {isa = PBXBuildFile; fileRef = 94FDDC9B2842C72B00105705 /* SeriesDetailViewModel.swift */; };
		94FDDCA02842D60A00105705 /* SeriesDetailModels.swift in Sources */ = {isa = PBXBuildFile; fileRef = 94FDDC9F2842D60A00105705 /* SeriesDetailModels.swift */; };
		94FDDCA42842D8F700105705 /* DetailInfoCell.swift in Sources */ = {isa = PBXBuildFile; fileRef = 94FDDCA22842D8F700105705 /* DetailInfoCell.swift */; };
		94FDDCA52842D8F700105705 /* DetailInfoCell.xib in Resources */ = {isa = PBXBuildFile; fileRef = 94FDDCA32842D8F700105705 /* DetailInfoCell.xib */; };
		94FDDCA82842E53600105705 /* DetailTitleCell.swift in Sources */ = {isa = PBXBuildFile; fileRef = 94FDDCA62842E53600105705 /* DetailTitleCell.swift */; };
		94FDDCA92842E53600105705 /* DetailTitleCell.xib in Resources */ = {isa = PBXBuildFile; fileRef = 94FDDCA72842E53600105705 /* DetailTitleCell.xib */; };
		94FDDCAC2842E7A400105705 /* DetailInfoImageCell.swift in Sources */ = {isa = PBXBuildFile; fileRef = 94FDDCAA2842E7A400105705 /* DetailInfoImageCell.swift */; };
		94FDDCAD2842E7A400105705 /* DetailInfoImageCell.xib in Resources */ = {isa = PBXBuildFile; fileRef = 94FDDCAB2842E7A400105705 /* DetailInfoImageCell.xib */; };
		94FDDCB02842FC7F00105705 /* LoadableProtocol.swift in Sources */ = {isa = PBXBuildFile; fileRef = 94FDDCAF2842FC7F00105705 /* LoadableProtocol.swift */; };
		94FDDCB22843025100105705 /* ErrorProtocol.swift in Sources */ = {isa = PBXBuildFile; fileRef = 94FDDCB12843025100105705 /* ErrorProtocol.swift */; };
		94FDDCB628430A0500105705 /* EpisodesDetailViewController.swift in Sources */ = {isa = PBXBuildFile; fileRef = 94FDDCB528430A0500105705 /* EpisodesDetailViewController.swift */; };
/* End PBXBuildFile section */

/* Begin PBXContainerItemProxy section */
		94EDC87C28417BB8005D8375 /* PBXContainerItemProxy */ = {
			isa = PBXContainerItemProxy;
			containerPortal = 94EDC85D28417BB7005D8375 /* Project object */;
			proxyType = 1;
			remoteGlobalIDString = 94EDC86428417BB7005D8375;
			remoteInfo = SeriesCatalog;
		};
		94EDC88628417BB8005D8375 /* PBXContainerItemProxy */ = {
			isa = PBXContainerItemProxy;
			containerPortal = 94EDC85D28417BB7005D8375 /* Project object */;
			proxyType = 1;
			remoteGlobalIDString = 94EDC86428417BB7005D8375;
			remoteInfo = SeriesCatalog;
		};
/* End PBXContainerItemProxy section */

/* Begin PBXFileReference section */
		940F159B2841CEAE003A5297 /* String+Extension.swift */ = {isa = PBXFileReference; lastKnownFileType = sourcecode.swift; path = "String+Extension.swift"; sourceTree = "<group>"; };
		940F159D2841D483003A5297 /* UIView+Extensions.swift */ = {isa = PBXFileReference; lastKnownFileType = sourcecode.swift; path = "UIView+Extensions.swift"; sourceTree = "<group>"; };
		947F587D28426CF000E5A2E3 /* SearchSeriesViewController.swift */ = {isa = PBXFileReference; lastKnownFileType = sourcecode.swift; path = SearchSeriesViewController.swift; sourceTree = "<group>"; };
		947F588228426D9900E5A2E3 /* SearchSeriesViewModel.swift */ = {isa = PBXFileReference; lastKnownFileType = sourcecode.swift; path = SearchSeriesViewModel.swift; sourceTree = "<group>"; };
		947F588528426F9400E5A2E3 /* AppearanceManager.swift */ = {isa = PBXFileReference; lastKnownFileType = sourcecode.swift; path = AppearanceManager.swift; sourceTree = "<group>"; };
		94AEB3BB2843F5E0007630AB /* EpisodesDetailViewModel.swift */ = {isa = PBXFileReference; lastKnownFileType = sourcecode.swift; path = EpisodesDetailViewModel.swift; sourceTree = "<group>"; };
		94AEB3BE28440228007630AB /* EpisodeDetailLogoTitleCell.swift */ = {isa = PBXFileReference; lastKnownFileType = sourcecode.swift; path = EpisodeDetailLogoTitleCell.swift; sourceTree = "<group>"; };
		94AEB3BF28440228007630AB /* EpisodeDetailLogoTitleCell.xib */ = {isa = PBXFileReference; lastKnownFileType = file.xib; path = EpisodeDetailLogoTitleCell.xib; sourceTree = "<group>"; };
		94AEB3C228441407007630AB /* SeriesListProvider.swift */ = {isa = PBXFileReference; lastKnownFileType = sourcecode.swift; path = SeriesListProvider.swift; sourceTree = "<group>"; };
		94AEB3C52844142A007630AB /* SeriesSearchProvider.swift */ = {isa = PBXFileReference; lastKnownFileType = sourcecode.swift; path = SeriesSearchProvider.swift; sourceTree = "<group>"; };
		94AEB3C82844144A007630AB /* SeriesDetailProvider.swift */ = {isa = PBXFileReference; lastKnownFileType = sourcecode.swift; path = SeriesDetailProvider.swift; sourceTree = "<group>"; };
		94AEB3CB28441DCE007630AB /* StateViewModelProtocol.swift */ = {isa = PBXFileReference; lastKnownFileType = sourcecode.swift; path = StateViewModelProtocol.swift; sourceTree = "<group>"; };
		94AEB3CE2844226D007630AB /* TabBarController.swift */ = {isa = PBXFileReference; lastKnownFileType = sourcecode.swift; path = TabBarController.swift; sourceTree = "<group>"; };
		94AEB3D028442299007630AB /* TabBarViewModel.swift */ = {isa = PBXFileReference; lastKnownFileType = sourcecode.swift; path = TabBarViewModel.swift; sourceTree = "<group>"; };
		94AEB3D4284422C9007630AB /* TabBarModels.swift */ = {isa = PBXFileReference; lastKnownFileType = sourcecode.swift; path = TabBarModels.swift; sourceTree = "<group>"; };
		94AEB3D8284429EE007630AB /* PeopleSearchViewController.swift */ = {isa = PBXFileReference; lastKnownFileType = sourcecode.swift; path = PeopleSearchViewController.swift; sourceTree = "<group>"; };
		94AEB3DA28442B19007630AB /* PeopleAPI.swift */ = {isa = PBXFileReference; lastKnownFileType = sourcecode.swift; path = PeopleAPI.swift; sourceTree = "<group>"; };
		94AEB3DE28444B56007630AB /* UICollectionView+Register.swift */ = {isa = PBXFileReference; lastKnownFileType = sourcecode.swift; path = "UICollectionView+Register.swift"; sourceTree = "<group>"; };
		94AEB3E128444BC1007630AB /* RegisterProtocols.swift */ = {isa = PBXFileReference; lastKnownFileType = sourcecode.swift; path = RegisterProtocols.swift; sourceTree = "<group>"; };
		94AEB3E428444C01007630AB /* PeopleListCell.swift */ = {isa = PBXFileReference; lastKnownFileType = sourcecode.swift; path = PeopleListCell.swift; sourceTree = "<group>"; };
		94AEB3E528444C01007630AB /* PeopleListCell.xib */ = {isa = PBXFileReference; lastKnownFileType = file.xib; path = PeopleListCell.xib; sourceTree = "<group>"; };
		94AEB3E828445119007630AB /* ImageView+Extension.swift */ = {isa = PBXFileReference; lastKnownFileType = sourcecode.swift; path = "ImageView+Extension.swift"; sourceTree = "<group>"; };
		94AEB3EB28445229007630AB /* PeopleSearchViewModel.swift */ = {isa = PBXFileReference; lastKnownFileType = sourcecode.swift; path = PeopleSearchViewModel.swift; sourceTree = "<group>"; };
		94AEB3EE284452FE007630AB /* PeopleSearchModel.swift */ = {isa = PBXFileReference; lastKnownFileType = sourcecode.swift; path = PeopleSearchModel.swift; sourceTree = "<group>"; };
		94AEB3F0284453FD007630AB /* People.swift */ = {isa = PBXFileReference; lastKnownFileType = sourcecode.swift; path = People.swift; sourceTree = "<group>"; };
		94AEB3F4284458FD007630AB /* PeopleSearchProvider.swift */ = {isa = PBXFileReference; lastKnownFileType = sourcecode.swift; path = PeopleSearchProvider.swift; sourceTree = "<group>"; };
		94AEB3F728445EE3007630AB /* SearchCollectionViewLayout.swift */ = {isa = PBXFileReference; lastKnownFileType = sourcecode.swift; path = SearchCollectionViewLayout.swift; sourceTree = "<group>"; };
		94AEB3FF28446ED3007630AB /* FavoritesSeriesManager.swift */ = {isa = PBXFileReference; lastKnownFileType = sourcecode.swift; path = FavoritesSeriesManager.swift; sourceTree = "<group>"; };
		94AEB40128446EDB007630AB /* UserDefaultItem.swift */ = {isa = PBXFileReference; lastKnownFileType = sourcecode.swift; path = UserDefaultItem.swift; sourceTree = "<group>"; };
		94AEB4042844722A007630AB /* FavoritesSeriesViewController.swift */ = {isa = PBXFileReference; lastKnownFileType = sourcecode.swift; path = FavoritesSeriesViewController.swift; sourceTree = "<group>"; };
		94AEB40728447241007630AB /* FavoritesSeriesViewModel.swift */ = {isa = PBXFileReference; lastKnownFileType = sourcecode.swift; path = FavoritesSeriesViewModel.swift; sourceTree = "<group>"; };
		94EDC86528417BB7005D8375 /* SeriesCatalog.app */ = {isa = PBXFileReference; explicitFileType = wrapper.application; includeInIndex = 0; path = SeriesCatalog.app; sourceTree = BUILT_PRODUCTS_DIR; };
		94EDC86828417BB7005D8375 /* AppDelegate.swift */ = {isa = PBXFileReference; lastKnownFileType = sourcecode.swift; path = AppDelegate.swift; sourceTree = "<group>"; };
		94EDC86A28417BB7005D8375 /* SceneDelegate.swift */ = {isa = PBXFileReference; lastKnownFileType = sourcecode.swift; path = SceneDelegate.swift; sourceTree = "<group>"; };
		94EDC87128417BB8005D8375 /* Assets.xcassets */ = {isa = PBXFileReference; lastKnownFileType = folder.assetcatalog; path = Assets.xcassets; sourceTree = "<group>"; };
		94EDC87428417BB8005D8375 /* Base */ = {isa = PBXFileReference; lastKnownFileType = file.storyboard; name = Base; path = Base.lproj/LaunchScreen.storyboard; sourceTree = "<group>"; };
		94EDC87628417BB8005D8375 /* Info.plist */ = {isa = PBXFileReference; lastKnownFileType = text.plist.xml; path = Info.plist; sourceTree = "<group>"; };
		94EDC87B28417BB8005D8375 /* SeriesCatalogTests.xctest */ = {isa = PBXFileReference; explicitFileType = wrapper.cfbundle; includeInIndex = 0; path = SeriesCatalogTests.xctest; sourceTree = BUILT_PRODUCTS_DIR; };
		94EDC87F28417BB8005D8375 /* SeriesCatalogTests.swift */ = {isa = PBXFileReference; lastKnownFileType = sourcecode.swift; path = SeriesCatalogTests.swift; sourceTree = "<group>"; };
		94EDC88528417BB8005D8375 /* SeriesCatalogUITests.xctest */ = {isa = PBXFileReference; explicitFileType = wrapper.cfbundle; includeInIndex = 0; path = SeriesCatalogUITests.xctest; sourceTree = BUILT_PRODUCTS_DIR; };
		94EDC88928417BB8005D8375 /* SeriesCatalogUITests.swift */ = {isa = PBXFileReference; lastKnownFileType = sourcecode.swift; path = SeriesCatalogUITests.swift; sourceTree = "<group>"; };
		94EDC88B28417BB8005D8375 /* SeriesCatalogUITestsLaunchTests.swift */ = {isa = PBXFileReference; lastKnownFileType = sourcecode.swift; path = SeriesCatalogUITestsLaunchTests.swift; sourceTree = "<group>"; };
		94EDC89A28417D1A005D8375 /* UITableView+Register.swift */ = {isa = PBXFileReference; fileEncoding = 4; lastKnownFileType = sourcecode.swift; path = "UITableView+Register.swift"; sourceTree = "<group>"; };
		94EDC89C28417D1A005D8375 /* NetworkProvider.swift */ = {isa = PBXFileReference; fileEncoding = 4; lastKnownFileType = sourcecode.swift; path = NetworkProvider.swift; sourceTree = "<group>"; };
		94EDC89D28417D1A005D8375 /* ServiceError.swift */ = {isa = PBXFileReference; fileEncoding = 4; lastKnownFileType = sourcecode.swift; path = ServiceError.swift; sourceTree = "<group>"; };
		94EDC89E28417D1A005D8375 /* URLRequestProtocol.swift */ = {isa = PBXFileReference; fileEncoding = 4; lastKnownFileType = sourcecode.swift; path = URLRequestProtocol.swift; sourceTree = "<group>"; };
		94EDC89F28417D1A005D8375 /* NetworkLogger.swift */ = {isa = PBXFileReference; fileEncoding = 4; lastKnownFileType = sourcecode.swift; path = NetworkLogger.swift; sourceTree = "<group>"; };
		94EDC8AF28417E02005D8375 /* SeriesListViewModel.swift */ = {isa = PBXFileReference; lastKnownFileType = sourcecode.swift; path = SeriesListViewModel.swift; sourceTree = "<group>"; };
		94EDC8B228417E72005D8375 /* SeriesListCell.swift */ = {isa = PBXFileReference; lastKnownFileType = sourcecode.swift; path = SeriesListCell.swift; sourceTree = "<group>"; };
		94EDC8B328417E72005D8375 /* SeriesListCell.xib */ = {isa = PBXFileReference; lastKnownFileType = file.xib; path = SeriesListCell.xib; sourceTree = "<group>"; };
		94EDC8BC28418267005D8375 /* SeriesTableViewController.swift */ = {isa = PBXFileReference; lastKnownFileType = sourcecode.swift; path = SeriesTableViewController.swift; sourceTree = "<group>"; };
		94EDC8BE28418677005D8375 /* SeriesAPI.swift */ = {isa = PBXFileReference; lastKnownFileType = sourcecode.swift; path = SeriesAPI.swift; sourceTree = "<group>"; };
		94EDC8C1284187BC005D8375 /* Series.swift */ = {isa = PBXFileReference; lastKnownFileType = sourcecode.swift; path = Series.swift; sourceTree = "<group>"; };
		94FDDC962842C6B800105705 /* SeriesDetailViewController.swift */ = {isa = PBXFileReference; lastKnownFileType = sourcecode.swift; path = SeriesDetailViewController.swift; sourceTree = "<group>"; };
		94FDDC9B2842C72B00105705 /* SeriesDetailViewModel.swift */ = {isa = PBXFileReference; lastKnownFileType = sourcecode.swift; path = SeriesDetailViewModel.swift; sourceTree = "<group>"; };
		94FDDC9F2842D60A00105705 /* SeriesDetailModels.swift */ = {isa = PBXFileReference; lastKnownFileType = sourcecode.swift; path = SeriesDetailModels.swift; sourceTree = "<group>"; };
		94FDDCA22842D8F700105705 /* DetailInfoCell.swift */ = {isa = PBXFileReference; lastKnownFileType = sourcecode.swift; path = DetailInfoCell.swift; sourceTree = "<group>"; };
		94FDDCA32842D8F700105705 /* DetailInfoCell.xib */ = {isa = PBXFileReference; lastKnownFileType = file.xib; path = DetailInfoCell.xib; sourceTree = "<group>"; };
		94FDDCA62842E53600105705 /* DetailTitleCell.swift */ = {isa = PBXFileReference; lastKnownFileType = sourcecode.swift; path = DetailTitleCell.swift; sourceTree = "<group>"; };
		94FDDCA72842E53600105705 /* DetailTitleCell.xib */ = {isa = PBXFileReference; lastKnownFileType = file.xib; path = DetailTitleCell.xib; sourceTree = "<group>"; };
		94FDDCAA2842E7A400105705 /* DetailInfoImageCell.swift */ = {isa = PBXFileReference; lastKnownFileType = sourcecode.swift; path = DetailInfoImageCell.swift; sourceTree = "<group>"; };
		94FDDCAB2842E7A400105705 /* DetailInfoImageCell.xib */ = {isa = PBXFileReference; lastKnownFileType = file.xib; path = DetailInfoImageCell.xib; sourceTree = "<group>"; };
		94FDDCAF2842FC7F00105705 /* LoadableProtocol.swift */ = {isa = PBXFileReference; lastKnownFileType = sourcecode.swift; path = LoadableProtocol.swift; sourceTree = "<group>"; };
		94FDDCB12843025100105705 /* ErrorProtocol.swift */ = {isa = PBXFileReference; lastKnownFileType = sourcecode.swift; path = ErrorProtocol.swift; sourceTree = "<group>"; };
		94FDDCB528430A0500105705 /* EpisodesDetailViewController.swift */ = {isa = PBXFileReference; lastKnownFileType = sourcecode.swift; path = EpisodesDetailViewController.swift; sourceTree = "<group>"; };
/* End PBXFileReference section */

/* Begin PBXFrameworksBuildPhase section */
		94EDC86228417BB7005D8375 /* Frameworks */ = {
			isa = PBXFrameworksBuildPhase;
			buildActionMask = 2147483647;
			files = (
				94EDC8B828417FCD005D8375 /* SDWebImage in Frameworks */,
			);
			runOnlyForDeploymentPostprocessing = 0;
		};
		94EDC87828417BB8005D8375 /* Frameworks */ = {
			isa = PBXFrameworksBuildPhase;
			buildActionMask = 2147483647;
			files = (
			);
			runOnlyForDeploymentPostprocessing = 0;
		};
		94EDC88228417BB8005D8375 /* Frameworks */ = {
			isa = PBXFrameworksBuildPhase;
			buildActionMask = 2147483647;
			files = (
			);
			runOnlyForDeploymentPostprocessing = 0;
		};
/* End PBXFrameworksBuildPhase section */

/* Begin PBXGroup section */
		947F587A28426BEC00E5A2E3 /* Search */ = {
			isa = PBXGroup;
			children = (
				94AEB3C428441414007630AB /* Provider */,
				947F588128426D8E00E5A2E3 /* ViewModel */,
				947F587D28426CF000E5A2E3 /* SearchSeriesViewController.swift */,
			);
			path = Search;
			sourceTree = "<group>";
		};
		947F588128426D8E00E5A2E3 /* ViewModel */ = {
			isa = PBXGroup;
			children = (
				947F588228426D9900E5A2E3 /* SearchSeriesViewModel.swift */,
			);
			path = ViewModel;
			sourceTree = "<group>";
		};
		947F588428426F8700E5A2E3 /* Managers */ = {
			isa = PBXGroup;
			children = (
				94AEB3FE28446EB1007630AB /* UserDefaults */,
				947F588528426F9400E5A2E3 /* AppearanceManager.swift */,
			);
			path = Managers;
			sourceTree = "<group>";
		};
		94AEB3BA2843F5C3007630AB /* ViewModel */ = {
			isa = PBXGroup;
			children = (
				94AEB3BB2843F5E0007630AB /* EpisodesDetailViewModel.swift */,
			);
			path = ViewModel;
			sourceTree = "<group>";
		};
		94AEB3BD28440201007630AB /* Views */ = {
			isa = PBXGroup;
			children = (
				94AEB3BE28440228007630AB /* EpisodeDetailLogoTitleCell.swift */,
				94AEB3BF28440228007630AB /* EpisodeDetailLogoTitleCell.xib */,
			);
			path = Views;
			sourceTree = "<group>";
		};
		94AEB3C428441414007630AB /* Provider */ = {
			isa = PBXGroup;
			children = (
				94AEB3C52844142A007630AB /* SeriesSearchProvider.swift */,
			);
			path = Provider;
			sourceTree = "<group>";
		};
		94AEB3C728441439007630AB /* Provider */ = {
			isa = PBXGroup;
			children = (
				94AEB3C82844144A007630AB /* SeriesDetailProvider.swift */,
			);
			path = Provider;
			sourceTree = "<group>";
		};
		94AEB3CA284414ED007630AB /* Views */ = {
			isa = PBXGroup;
			children = (
				94FDDCA22842D8F700105705 /* DetailInfoCell.swift */,
				94FDDCA32842D8F700105705 /* DetailInfoCell.xib */,
				94EDC8B228417E72005D8375 /* SeriesListCell.swift */,
				94EDC8B328417E72005D8375 /* SeriesListCell.xib */,
			);
			path = Views;
			sourceTree = "<group>";
		};
		94AEB3CD2844224F007630AB /* Tabbar */ = {
			isa = PBXGroup;
			children = (
				94AEB3D3284422BF007630AB /* Models */,
				94AEB3D2284422AE007630AB /* ViewModel */,
				94AEB3CE2844226D007630AB /* TabBarController.swift */,
			);
			path = Tabbar;
			sourceTree = "<group>";
		};
		94AEB3D2284422AE007630AB /* ViewModel */ = {
			isa = PBXGroup;
			children = (
				94AEB3D028442299007630AB /* TabBarViewModel.swift */,
			);
			path = ViewModel;
			sourceTree = "<group>";
		};
		94AEB3D3284422BF007630AB /* Models */ = {
			isa = PBXGroup;
			children = (
				94AEB3D4284422C9007630AB /* TabBarModels.swift */,
			);
			path = Models;
			sourceTree = "<group>";
		};
		94AEB3D6284429CC007630AB /* People */ = {
			isa = PBXGroup;
			children = (
				94AEB3D7284429D7007630AB /* Search */,
			);
			path = People;
			sourceTree = "<group>";
		};
		94AEB3D7284429D7007630AB /* Search */ = {
			isa = PBXGroup;
			children = (
				94AEB3F628445ED0007630AB /* CollectionLayout */,
				94AEB3F3284458EE007630AB /* Provider */,
				94AEB3ED284452F3007630AB /* Models */,
				94AEB3E328444BEF007630AB /* Views */,
				94AEB3EA28445219007630AB /* ViewModel */,
				94AEB3D8284429EE007630AB /* PeopleSearchViewController.swift */,
			);
			path = Search;
			sourceTree = "<group>";
		};
		94AEB3DC28444992007630AB /* RegisterHelpers */ = {
			isa = PBXGroup;
			children = (
				94EDC89A28417D1A005D8375 /* UITableView+Register.swift */,
				94AEB3DE28444B56007630AB /* UICollectionView+Register.swift */,
				94AEB3E128444BC1007630AB /* RegisterProtocols.swift */,
			);
			path = RegisterHelpers;
			sourceTree = "<group>";
		};
		94AEB3E328444BEF007630AB /* Views */ = {
			isa = PBXGroup;
			children = (
				94AEB3E428444C01007630AB /* PeopleListCell.swift */,
				94AEB3E528444C01007630AB /* PeopleListCell.xib */,
			);
			path = Views;
			sourceTree = "<group>";
		};
		94AEB3EA28445219007630AB /* ViewModel */ = {
			isa = PBXGroup;
			children = (
				94AEB3EB28445229007630AB /* PeopleSearchViewModel.swift */,
			);
			path = ViewModel;
			sourceTree = "<group>";
		};
		94AEB3ED284452F3007630AB /* Models */ = {
			isa = PBXGroup;
			children = (
				94AEB3EE284452FE007630AB /* PeopleSearchModel.swift */,
			);
			path = Models;
			sourceTree = "<group>";
		};
		94AEB3F3284458EE007630AB /* Provider */ = {
			isa = PBXGroup;
			children = (
				94AEB3F4284458FD007630AB /* PeopleSearchProvider.swift */,
			);
			path = Provider;
			sourceTree = "<group>";
		};
		94AEB3F628445ED0007630AB /* CollectionLayout */ = {
			isa = PBXGroup;
			children = (
				94AEB3F728445EE3007630AB /* SearchCollectionViewLayout.swift */,
			);
			path = CollectionLayout;
			sourceTree = "<group>";
		};
		94AEB3FE28446EB1007630AB /* UserDefaults */ = {
			isa = PBXGroup;
			children = (
				94AEB3FF28446ED3007630AB /* FavoritesSeriesManager.swift */,
				94AEB40128446EDB007630AB /* UserDefaultItem.swift */,
			);
			path = UserDefaults;
			sourceTree = "<group>";
		};
		94AEB4032844721E007630AB /* Favorites */ = {
			isa = PBXGroup;
			children = (
				94AEB4062844722E007630AB /* ViewModel */,
				94AEB4042844722A007630AB /* FavoritesSeriesViewController.swift */,
			);
			path = Favorites;
			sourceTree = "<group>";
		};
		94AEB4062844722E007630AB /* ViewModel */ = {
			isa = PBXGroup;
			children = (
				94AEB40728447241007630AB /* FavoritesSeriesViewModel.swift */,
			);
			path = ViewModel;
			sourceTree = "<group>";
		};
		94EDC85C28417BB7005D8375 = {
			isa = PBXGroup;
			children = (
				94EDC86728417BB7005D8375 /* SeriesCatalog */,
				94EDC87E28417BB8005D8375 /* SeriesCatalogTests */,
				94EDC88828417BB8005D8375 /* SeriesCatalogUITests */,
				94EDC86628417BB7005D8375 /* Products */,
			);
			sourceTree = "<group>";
		};
		94EDC86628417BB7005D8375 /* Products */ = {
			isa = PBXGroup;
			children = (
				94EDC86528417BB7005D8375 /* SeriesCatalog.app */,
				94EDC87B28417BB8005D8375 /* SeriesCatalogTests.xctest */,
				94EDC88528417BB8005D8375 /* SeriesCatalogUITests.xctest */,
			);
			name = Products;
			sourceTree = "<group>";
		};
		94EDC86728417BB7005D8375 /* SeriesCatalog */ = {
			isa = PBXGroup;
			children = (
				94EDC89828417D1A005D8375 /* Common */,
				94EDC8A028417D1A005D8375 /* Features */,
				94EDC86828417BB7005D8375 /* AppDelegate.swift */,
				94EDC86A28417BB7005D8375 /* SceneDelegate.swift */,
				94EDC87328417BB8005D8375 /* LaunchScreen.storyboard */,
				94EDC87628417BB8005D8375 /* Info.plist */,
			);
			path = SeriesCatalog;
			sourceTree = "<group>";
		};
		94EDC87E28417BB8005D8375 /* SeriesCatalogTests */ = {
			isa = PBXGroup;
			children = (
				94EDC87F28417BB8005D8375 /* SeriesCatalogTests.swift */,
			);
			path = SeriesCatalogTests;
			sourceTree = "<group>";
		};
		94EDC88828417BB8005D8375 /* SeriesCatalogUITests */ = {
			isa = PBXGroup;
			children = (
				94EDC88928417BB8005D8375 /* SeriesCatalogUITests.swift */,
				94EDC88B28417BB8005D8375 /* SeriesCatalogUITestsLaunchTests.swift */,
			);
			path = SeriesCatalogUITests;
			sourceTree = "<group>";
		};
		94EDC89828417D1A005D8375 /* Common */ = {
			isa = PBXGroup;
			children = (
				94AEB3CA284414ED007630AB /* Views */,
				94FDDCAE2842FC6400105705 /* Protocols */,
				94FDDC922842725300105705 /* APIs */,
				947F588428426F8700E5A2E3 /* Managers */,
				94EDC8C028418709005D8375 /* Models */,
				94EDC8B928418128005D8375 /* Assets */,
				94EDC89928417D1A005D8375 /* Extension */,
				94EDC89B28417D1A005D8375 /* Network */,
			);
			path = Common;
			sourceTree = "<group>";
		};
		94EDC89928417D1A005D8375 /* Extension */ = {
			isa = PBXGroup;
			children = (
				94AEB3DC28444992007630AB /* RegisterHelpers */,
				940F159B2841CEAE003A5297 /* String+Extension.swift */,
				940F159D2841D483003A5297 /* UIView+Extensions.swift */,
				94AEB3E828445119007630AB /* ImageView+Extension.swift */,
			);
			path = Extension;
			sourceTree = "<group>";
		};
		94EDC89B28417D1A005D8375 /* Network */ = {
			isa = PBXGroup;
			children = (
				94EDC89C28417D1A005D8375 /* NetworkProvider.swift */,
				94EDC89D28417D1A005D8375 /* ServiceError.swift */,
				94EDC89E28417D1A005D8375 /* URLRequestProtocol.swift */,
				94EDC89F28417D1A005D8375 /* NetworkLogger.swift */,
			);
			path = Network;
			sourceTree = "<group>";
		};
		94EDC8A028417D1A005D8375 /* Features */ = {
			isa = PBXGroup;
			children = (
				94AEB3D6284429CC007630AB /* People */,
				94AEB3CD2844224F007630AB /* Tabbar */,
				94FDDCB3284309EA00105705 /* Episodes */,
				94FDDC9D2842D29200105705 /* Series */,
			);
			path = Features;
			sourceTree = "<group>";
		};
		94EDC8AA28417DD7005D8375 /* List */ = {
			isa = PBXGroup;
			children = (
				94EDC8AC28417DE3005D8375 /* Provider */,
				94EDC8AD28417DE9005D8375 /* ViewModel */,
				94EDC8BC28418267005D8375 /* SeriesTableViewController.swift */,
			);
			path = List;
			sourceTree = "<group>";
		};
		94EDC8AC28417DE3005D8375 /* Provider */ = {
			isa = PBXGroup;
			children = (
				94AEB3C228441407007630AB /* SeriesListProvider.swift */,
			);
			path = Provider;
			sourceTree = "<group>";
		};
		94EDC8AD28417DE9005D8375 /* ViewModel */ = {
			isa = PBXGroup;
			children = (
				94EDC8AF28417E02005D8375 /* SeriesListViewModel.swift */,
			);
			path = ViewModel;
			sourceTree = "<group>";
		};
		94EDC8B928418128005D8375 /* Assets */ = {
			isa = PBXGroup;
			children = (
				94EDC87128417BB8005D8375 /* Assets.xcassets */,
			);
			path = Assets;
			sourceTree = "<group>";
		};
		94EDC8C028418709005D8375 /* Models */ = {
			isa = PBXGroup;
			children = (
				94EDC8C1284187BC005D8375 /* Series.swift */,
				94AEB3F0284453FD007630AB /* People.swift */,
			);
			path = Models;
			sourceTree = "<group>";
		};
		94FDDC922842725300105705 /* APIs */ = {
			isa = PBXGroup;
			children = (
				94EDC8BE28418677005D8375 /* SeriesAPI.swift */,
				94AEB3DA28442B19007630AB /* PeopleAPI.swift */,
			);
			path = APIs;
			sourceTree = "<group>";
		};
		94FDDC932842C58900105705 /* Detail */ = {
			isa = PBXGroup;
			children = (
				94AEB3C728441439007630AB /* Provider */,
				94FDDCA12842D8DD00105705 /* Views */,
				94FDDC9E2842D5FF00105705 /* Models */,
				94FDDC9A2842C71D00105705 /* ViewModel */,
				94FDDC962842C6B800105705 /* SeriesDetailViewController.swift */,
			);
			path = Detail;
			sourceTree = "<group>";
		};
		94FDDC9A2842C71D00105705 /* ViewModel */ = {
			isa = PBXGroup;
			children = (
				94FDDC9B2842C72B00105705 /* SeriesDetailViewModel.swift */,
			);
			path = ViewModel;
			sourceTree = "<group>";
		};
		94FDDC9D2842D29200105705 /* Series */ = {
			isa = PBXGroup;
			children = (
				94AEB4032844721E007630AB /* Favorites */,
				94FDDC932842C58900105705 /* Detail */,
				947F587A28426BEC00E5A2E3 /* Search */,
				94EDC8AA28417DD7005D8375 /* List */,
			);
			path = Series;
			sourceTree = "<group>";
		};
		94FDDC9E2842D5FF00105705 /* Models */ = {
			isa = PBXGroup;
			children = (
				94FDDC9F2842D60A00105705 /* SeriesDetailModels.swift */,
			);
			path = Models;
			sourceTree = "<group>";
		};
		94FDDCA12842D8DD00105705 /* Views */ = {
			isa = PBXGroup;
			children = (
				94FDDCA62842E53600105705 /* DetailTitleCell.swift */,
				94FDDCA72842E53600105705 /* DetailTitleCell.xib */,
				94FDDCAA2842E7A400105705 /* DetailInfoImageCell.swift */,
				94FDDCAB2842E7A400105705 /* DetailInfoImageCell.xib */,
			);
			path = Views;
			sourceTree = "<group>";
		};
		94FDDCAE2842FC6400105705 /* Protocols */ = {
			isa = PBXGroup;
			children = (
				94FDDCAF2842FC7F00105705 /* LoadableProtocol.swift */,
				94FDDCB12843025100105705 /* ErrorProtocol.swift */,
				94AEB3CB28441DCE007630AB /* StateViewModelProtocol.swift */,
			);
			path = Protocols;
			sourceTree = "<group>";
		};
		94FDDCB3284309EA00105705 /* Episodes */ = {
			isa = PBXGroup;
			children = (
				94FDDCB4284309F100105705 /* Detail */,
			);
			path = Episodes;
			sourceTree = "<group>";
		};
		94FDDCB4284309F100105705 /* Detail */ = {
			isa = PBXGroup;
			children = (
				94AEB3BD28440201007630AB /* Views */,
				94AEB3BA2843F5C3007630AB /* ViewModel */,
				94FDDCB528430A0500105705 /* EpisodesDetailViewController.swift */,
			);
			path = Detail;
			sourceTree = "<group>";
		};
/* End PBXGroup section */

/* Begin PBXNativeTarget section */
		94EDC86428417BB7005D8375 /* SeriesCatalog */ = {
			isa = PBXNativeTarget;
			buildConfigurationList = 94EDC88F28417BB8005D8375 /* Build configuration list for PBXNativeTarget "SeriesCatalog" */;
			buildPhases = (
				94EDC86128417BB7005D8375 /* Sources */,
				94EDC86228417BB7005D8375 /* Frameworks */,
				94EDC86328417BB7005D8375 /* Resources */,
			);
			buildRules = (
			);
			dependencies = (
			);
			name = SeriesCatalog;
			packageProductDependencies = (
				94EDC8B728417FCD005D8375 /* SDWebImage */,
			);
			productName = SeriesCatalog;
			productReference = 94EDC86528417BB7005D8375 /* SeriesCatalog.app */;
			productType = "com.apple.product-type.application";
		};
		94EDC87A28417BB8005D8375 /* SeriesCatalogTests */ = {
			isa = PBXNativeTarget;
			buildConfigurationList = 94EDC89228417BB8005D8375 /* Build configuration list for PBXNativeTarget "SeriesCatalogTests" */;
			buildPhases = (
				94EDC87728417BB8005D8375 /* Sources */,
				94EDC87828417BB8005D8375 /* Frameworks */,
				94EDC87928417BB8005D8375 /* Resources */,
			);
			buildRules = (
			);
			dependencies = (
				94EDC87D28417BB8005D8375 /* PBXTargetDependency */,
			);
			name = SeriesCatalogTests;
			productName = SeriesCatalogTests;
			productReference = 94EDC87B28417BB8005D8375 /* SeriesCatalogTests.xctest */;
			productType = "com.apple.product-type.bundle.unit-test";
		};
		94EDC88428417BB8005D8375 /* SeriesCatalogUITests */ = {
			isa = PBXNativeTarget;
			buildConfigurationList = 94EDC89528417BB8005D8375 /* Build configuration list for PBXNativeTarget "SeriesCatalogUITests" */;
			buildPhases = (
				94EDC88128417BB8005D8375 /* Sources */,
				94EDC88228417BB8005D8375 /* Frameworks */,
				94EDC88328417BB8005D8375 /* Resources */,
			);
			buildRules = (
			);
			dependencies = (
				94EDC88728417BB8005D8375 /* PBXTargetDependency */,
			);
			name = SeriesCatalogUITests;
			productName = SeriesCatalogUITests;
			productReference = 94EDC88528417BB8005D8375 /* SeriesCatalogUITests.xctest */;
			productType = "com.apple.product-type.bundle.ui-testing";
		};
/* End PBXNativeTarget section */

/* Begin PBXProject section */
		94EDC85D28417BB7005D8375 /* Project object */ = {
			isa = PBXProject;
			attributes = {
				BuildIndependentTargetsInParallel = 1;
				LastSwiftUpdateCheck = 1340;
				LastUpgradeCheck = 1340;
				TargetAttributes = {
					94EDC86428417BB7005D8375 = {
						CreatedOnToolsVersion = 13.4;
					};
					94EDC87A28417BB8005D8375 = {
						CreatedOnToolsVersion = 13.4;
						TestTargetID = 94EDC86428417BB7005D8375;
					};
					94EDC88428417BB8005D8375 = {
						CreatedOnToolsVersion = 13.4;
						TestTargetID = 94EDC86428417BB7005D8375;
					};
				};
			};
			buildConfigurationList = 94EDC86028417BB7005D8375 /* Build configuration list for PBXProject "SeriesCatalog" */;
			compatibilityVersion = "Xcode 13.0";
			developmentRegion = en;
			hasScannedForEncodings = 0;
			knownRegions = (
				en,
				Base,
			);
			mainGroup = 94EDC85C28417BB7005D8375;
			packageReferences = (
				94EDC8B628417FCD005D8375 /* XCRemoteSwiftPackageReference "SDWebImage" */,
			);
			productRefGroup = 94EDC86628417BB7005D8375 /* Products */;
			projectDirPath = "";
			projectRoot = "";
			targets = (
				94EDC86428417BB7005D8375 /* SeriesCatalog */,
				94EDC87A28417BB8005D8375 /* SeriesCatalogTests */,
				94EDC88428417BB8005D8375 /* SeriesCatalogUITests */,
			);
		};
/* End PBXProject section */

/* Begin PBXResourcesBuildPhase section */
		94EDC86328417BB7005D8375 /* Resources */ = {
			isa = PBXResourcesBuildPhase;
			buildActionMask = 2147483647;
			files = (
				94FDDCA92842E53600105705 /* DetailTitleCell.xib in Resources */,
				94AEB3C128440228007630AB /* EpisodeDetailLogoTitleCell.xib in Resources */,
				94EDC87528417BB8005D8375 /* LaunchScreen.storyboard in Resources */,
				94FDDCAD2842E7A400105705 /* DetailInfoImageCell.xib in Resources */,
				94AEB3E728444C01007630AB /* PeopleListCell.xib in Resources */,
				94EDC87228417BB8005D8375 /* Assets.xcassets in Resources */,
				94FDDCA52842D8F700105705 /* DetailInfoCell.xib in Resources */,
				94EDC8B528417E72005D8375 /* SeriesListCell.xib in Resources */,
			);
			runOnlyForDeploymentPostprocessing = 0;
		};
		94EDC87928417BB8005D8375 /* Resources */ = {
			isa = PBXResourcesBuildPhase;
			buildActionMask = 2147483647;
			files = (
			);
			runOnlyForDeploymentPostprocessing = 0;
		};
		94EDC88328417BB8005D8375 /* Resources */ = {
			isa = PBXResourcesBuildPhase;
			buildActionMask = 2147483647;
			files = (
			);
			runOnlyForDeploymentPostprocessing = 0;
		};
/* End PBXResourcesBuildPhase section */

/* Begin PBXSourcesBuildPhase section */
		94EDC86128417BB7005D8375 /* Sources */ = {
			isa = PBXSourcesBuildPhase;
			buildActionMask = 2147483647;
			files = (
				947F588328426D9900E5A2E3 /* SearchSeriesViewModel.swift in Sources */,
				94EDC8BD28418267005D8375 /* SeriesTableViewController.swift in Sources */,
				94AEB3C62844142A007630AB /* SeriesSearchProvider.swift in Sources */,
				94EDC8A528417D1A005D8375 /* NetworkLogger.swift in Sources */,
				94EDC8A328417D1A005D8375 /* ServiceError.swift in Sources */,
				94EDC86928417BB7005D8375 /* AppDelegate.swift in Sources */,
				94FDDCAC2842E7A400105705 /* DetailInfoImageCell.swift in Sources */,
				94AEB3CF2844226D007630AB /* TabBarController.swift in Sources */,
				94AEB3E928445119007630AB /* ImageView+Extension.swift in Sources */,
				94FDDCA02842D60A00105705 /* SeriesDetailModels.swift in Sources */,
				94FDDCB02842FC7F00105705 /* LoadableProtocol.swift in Sources */,
				94FDDC982842C6B800105705 /* SeriesDetailViewController.swift in Sources */,
				94AEB40028446ED3007630AB /* FavoritesSeriesManager.swift in Sources */,
				94EDC8A128417D1A005D8375 /* UITableView+Register.swift in Sources */,
				947F587F28426CF000E5A2E3 /* SearchSeriesViewController.swift in Sources */,
				94FDDCA82842E53600105705 /* DetailTitleCell.swift in Sources */,
				94AEB3C028440228007630AB /* EpisodeDetailLogoTitleCell.swift in Sources */,
				94EDC8A428417D1A005D8375 /* URLRequestProtocol.swift in Sources */,
				94AEB3C328441407007630AB /* SeriesListProvider.swift in Sources */,
				94AEB3F828445EE3007630AB /* SearchCollectionViewLayout.swift in Sources */,
				94EDC86B28417BB7005D8375 /* SceneDelegate.swift in Sources */,
				94AEB3EC28445229007630AB /* PeopleSearchViewModel.swift in Sources */,
				94FDDCA42842D8F700105705 /* DetailInfoCell.swift in Sources */,
				94AEB3DB28442B19007630AB /* PeopleAPI.swift in Sources */,
				940F159C2841CEAE003A5297 /* String+Extension.swift in Sources */,
				94AEB3DF28444B56007630AB /* UICollectionView+Register.swift in Sources */,
				94EDC8A228417D1A005D8375 /* NetworkProvider.swift in Sources */,
				94EDC8BF28418677005D8375 /* SeriesAPI.swift in Sources */,
				94AEB3E628444C01007630AB /* PeopleListCell.swift in Sources */,
				94AEB3E228444BC1007630AB /* RegisterProtocols.swift in Sources */,
				94AEB40828447241007630AB /* FavoritesSeriesViewModel.swift in Sources */,
				94AEB3D128442299007630AB /* TabBarViewModel.swift in Sources */,
				947F588628426F9400E5A2E3 /* AppearanceManager.swift in Sources */,
				94AEB3CC28441DCE007630AB /* StateViewModelProtocol.swift in Sources */,
				94EDC8C2284187BC005D8375 /* Series.swift in Sources */,
				94AEB3D9284429EE007630AB /* PeopleSearchViewController.swift in Sources */,
				94AEB40228446EDB007630AB /* UserDefaultItem.swift in Sources */,
				94FDDCB628430A0500105705 /* EpisodesDetailViewController.swift in Sources */,
				94FDDC9C2842C72B00105705 /* SeriesDetailViewModel.swift in Sources */,
				940F159E2841D483003A5297 /* UIView+Extensions.swift in Sources */,
				94EDC8B428417E72005D8375 /* SeriesListCell.swift in Sources */,
				94FDDCB22843025100105705 /* ErrorProtocol.swift in Sources */,
				94EDC8B028417E02005D8375 /* SeriesListViewModel.swift in Sources */,
				94AEB3D5284422C9007630AB /* TabBarModels.swift in Sources */,
				94AEB3F1284453FD007630AB /* People.swift in Sources */,
				94AEB4052844722A007630AB /* FavoritesSeriesViewController.swift in Sources */,
				94AEB3C92844144A007630AB /* SeriesDetailProvider.swift in Sources */,
				94AEB3BC2843F5E0007630AB /* EpisodesDetailViewModel.swift in Sources */,
				94AEB3EF284452FE007630AB /* PeopleSearchModel.swift in Sources */,
				94AEB3F5284458FD007630AB /* PeopleSearchProvider.swift in Sources */,
			);
			runOnlyForDeploymentPostprocessing = 0;
		};
		94EDC87728417BB8005D8375 /* Sources */ = {
			isa = PBXSourcesBuildPhase;
			buildActionMask = 2147483647;
			files = (
				94EDC88028417BB8005D8375 /* SeriesCatalogTests.swift in Sources */,
			);
			runOnlyForDeploymentPostprocessing = 0;
		};
		94EDC88128417BB8005D8375 /* Sources */ = {
			isa = PBXSourcesBuildPhase;
			buildActionMask = 2147483647;
			files = (
				94EDC88A28417BB8005D8375 /* SeriesCatalogUITests.swift in Sources */,
				94EDC88C28417BB8005D8375 /* SeriesCatalogUITestsLaunchTests.swift in Sources */,
			);
			runOnlyForDeploymentPostprocessing = 0;
		};
/* End PBXSourcesBuildPhase section */

/* Begin PBXTargetDependency section */
		94EDC87D28417BB8005D8375 /* PBXTargetDependency */ = {
			isa = PBXTargetDependency;
			target = 94EDC86428417BB7005D8375 /* SeriesCatalog */;
			targetProxy = 94EDC87C28417BB8005D8375 /* PBXContainerItemProxy */;
		};
		94EDC88728417BB8005D8375 /* PBXTargetDependency */ = {
			isa = PBXTargetDependency;
			target = 94EDC86428417BB7005D8375 /* SeriesCatalog */;
			targetProxy = 94EDC88628417BB8005D8375 /* PBXContainerItemProxy */;
		};
/* End PBXTargetDependency section */

/* Begin PBXVariantGroup section */
		94EDC87328417BB8005D8375 /* LaunchScreen.storyboard */ = {
			isa = PBXVariantGroup;
			children = (
				94EDC87428417BB8005D8375 /* Base */,
			);
			name = LaunchScreen.storyboard;
			sourceTree = "<group>";
		};
/* End PBXVariantGroup section */

/* Begin XCBuildConfiguration section */
		94EDC88D28417BB8005D8375 /* Debug */ = {
			isa = XCBuildConfiguration;
			buildSettings = {
				ALWAYS_SEARCH_USER_PATHS = NO;
				CLANG_ANALYZER_NONNULL = YES;
				CLANG_ANALYZER_NUMBER_OBJECT_CONVERSION = YES_AGGRESSIVE;
				CLANG_CXX_LANGUAGE_STANDARD = "gnu++17";
				CLANG_ENABLE_MODULES = YES;
				CLANG_ENABLE_OBJC_ARC = YES;
				CLANG_ENABLE_OBJC_WEAK = YES;
				CLANG_WARN_BLOCK_CAPTURE_AUTORELEASING = YES;
				CLANG_WARN_BOOL_CONVERSION = YES;
				CLANG_WARN_COMMA = YES;
				CLANG_WARN_CONSTANT_CONVERSION = YES;
				CLANG_WARN_DEPRECATED_OBJC_IMPLEMENTATIONS = YES;
				CLANG_WARN_DIRECT_OBJC_ISA_USAGE = YES_ERROR;
				CLANG_WARN_DOCUMENTATION_COMMENTS = YES;
				CLANG_WARN_EMPTY_BODY = YES;
				CLANG_WARN_ENUM_CONVERSION = YES;
				CLANG_WARN_INFINITE_RECURSION = YES;
				CLANG_WARN_INT_CONVERSION = YES;
				CLANG_WARN_NON_LITERAL_NULL_CONVERSION = YES;
				CLANG_WARN_OBJC_IMPLICIT_RETAIN_SELF = YES;
				CLANG_WARN_OBJC_LITERAL_CONVERSION = YES;
				CLANG_WARN_OBJC_ROOT_CLASS = YES_ERROR;
				CLANG_WARN_QUOTED_INCLUDE_IN_FRAMEWORK_HEADER = YES;
				CLANG_WARN_RANGE_LOOP_ANALYSIS = YES;
				CLANG_WARN_STRICT_PROTOTYPES = YES;
				CLANG_WARN_SUSPICIOUS_MOVE = YES;
				CLANG_WARN_UNGUARDED_AVAILABILITY = YES_AGGRESSIVE;
				CLANG_WARN_UNREACHABLE_CODE = YES;
				CLANG_WARN__DUPLICATE_METHOD_MATCH = YES;
				COPY_PHASE_STRIP = NO;
				DEBUG_INFORMATION_FORMAT = dwarf;
				ENABLE_STRICT_OBJC_MSGSEND = YES;
				ENABLE_TESTABILITY = YES;
				GCC_C_LANGUAGE_STANDARD = gnu11;
				GCC_DYNAMIC_NO_PIC = NO;
				GCC_NO_COMMON_BLOCKS = YES;
				GCC_OPTIMIZATION_LEVEL = 0;
				GCC_PREPROCESSOR_DEFINITIONS = (
					"DEBUG=1",
					"$(inherited)",
				);
				GCC_WARN_64_TO_32_BIT_CONVERSION = YES;
				GCC_WARN_ABOUT_RETURN_TYPE = YES_ERROR;
				GCC_WARN_UNDECLARED_SELECTOR = YES;
				GCC_WARN_UNINITIALIZED_AUTOS = YES_AGGRESSIVE;
				GCC_WARN_UNUSED_FUNCTION = YES;
				GCC_WARN_UNUSED_VARIABLE = YES;
				IPHONEOS_DEPLOYMENT_TARGET = 15.5;
				MTL_ENABLE_DEBUG_INFO = INCLUDE_SOURCE;
				MTL_FAST_MATH = YES;
				ONLY_ACTIVE_ARCH = YES;
				SDKROOT = iphoneos;
				SWIFT_ACTIVE_COMPILATION_CONDITIONS = DEBUG;
				SWIFT_OPTIMIZATION_LEVEL = "-Onone";
			};
			name = Debug;
		};
		94EDC88E28417BB8005D8375 /* Release */ = {
			isa = XCBuildConfiguration;
			buildSettings = {
				ALWAYS_SEARCH_USER_PATHS = NO;
				CLANG_ANALYZER_NONNULL = YES;
				CLANG_ANALYZER_NUMBER_OBJECT_CONVERSION = YES_AGGRESSIVE;
				CLANG_CXX_LANGUAGE_STANDARD = "gnu++17";
				CLANG_ENABLE_MODULES = YES;
				CLANG_ENABLE_OBJC_ARC = YES;
				CLANG_ENABLE_OBJC_WEAK = YES;
				CLANG_WARN_BLOCK_CAPTURE_AUTORELEASING = YES;
				CLANG_WARN_BOOL_CONVERSION = YES;
				CLANG_WARN_COMMA = YES;
				CLANG_WARN_CONSTANT_CONVERSION = YES;
				CLANG_WARN_DEPRECATED_OBJC_IMPLEMENTATIONS = YES;
				CLANG_WARN_DIRECT_OBJC_ISA_USAGE = YES_ERROR;
				CLANG_WARN_DOCUMENTATION_COMMENTS = YES;
				CLANG_WARN_EMPTY_BODY = YES;
				CLANG_WARN_ENUM_CONVERSION = YES;
				CLANG_WARN_INFINITE_RECURSION = YES;
				CLANG_WARN_INT_CONVERSION = YES;
				CLANG_WARN_NON_LITERAL_NULL_CONVERSION = YES;
				CLANG_WARN_OBJC_IMPLICIT_RETAIN_SELF = YES;
				CLANG_WARN_OBJC_LITERAL_CONVERSION = YES;
				CLANG_WARN_OBJC_ROOT_CLASS = YES_ERROR;
				CLANG_WARN_QUOTED_INCLUDE_IN_FRAMEWORK_HEADER = YES;
				CLANG_WARN_RANGE_LOOP_ANALYSIS = YES;
				CLANG_WARN_STRICT_PROTOTYPES = YES;
				CLANG_WARN_SUSPICIOUS_MOVE = YES;
				CLANG_WARN_UNGUARDED_AVAILABILITY = YES_AGGRESSIVE;
				CLANG_WARN_UNREACHABLE_CODE = YES;
				CLANG_WARN__DUPLICATE_METHOD_MATCH = YES;
				COPY_PHASE_STRIP = NO;
				DEBUG_INFORMATION_FORMAT = "dwarf-with-dsym";
				ENABLE_NS_ASSERTIONS = NO;
				ENABLE_STRICT_OBJC_MSGSEND = YES;
				GCC_C_LANGUAGE_STANDARD = gnu11;
				GCC_NO_COMMON_BLOCKS = YES;
				GCC_WARN_64_TO_32_BIT_CONVERSION = YES;
				GCC_WARN_ABOUT_RETURN_TYPE = YES_ERROR;
				GCC_WARN_UNDECLARED_SELECTOR = YES;
				GCC_WARN_UNINITIALIZED_AUTOS = YES_AGGRESSIVE;
				GCC_WARN_UNUSED_FUNCTION = YES;
				GCC_WARN_UNUSED_VARIABLE = YES;
				IPHONEOS_DEPLOYMENT_TARGET = 15.5;
				MTL_ENABLE_DEBUG_INFO = NO;
				MTL_FAST_MATH = YES;
				SDKROOT = iphoneos;
				SWIFT_COMPILATION_MODE = wholemodule;
				SWIFT_OPTIMIZATION_LEVEL = "-O";
				VALIDATE_PRODUCT = YES;
			};
			name = Release;
		};
		94EDC89028417BB8005D8375 /* Debug */ = {
			isa = XCBuildConfiguration;
			buildSettings = {
				ASSETCATALOG_COMPILER_APPICON_NAME = AppIcon;
				ASSETCATALOG_COMPILER_GLOBAL_ACCENT_COLOR_NAME = AccentColor;
				CODE_SIGN_STYLE = Automatic;
				CURRENT_PROJECT_VERSION = 1;
				GENERATE_INFOPLIST_FILE = YES;
				INFOPLIST_FILE = SeriesCatalog/Info.plist;
				INFOPLIST_KEY_UIApplicationSupportsIndirectInputEvents = YES;
				INFOPLIST_KEY_UILaunchStoryboardName = LaunchScreen;
				INFOPLIST_KEY_UISupportedInterfaceOrientations_iPad = "UIInterfaceOrientationPortrait UIInterfaceOrientationPortraitUpsideDown UIInterfaceOrientationLandscapeLeft UIInterfaceOrientationLandscapeRight";
				INFOPLIST_KEY_UISupportedInterfaceOrientations_iPhone = "UIInterfaceOrientationPortrait UIInterfaceOrientationLandscapeLeft UIInterfaceOrientationLandscapeRight";
				LD_RUNPATH_SEARCH_PATHS = (
					"$(inherited)",
					"@executable_path/Frameworks",
				);
				MARKETING_VERSION = 1.0;
				PRODUCT_BUNDLE_IDENTIFIER = com.mockCompany.SeriesCatalog;
				PRODUCT_NAME = "$(TARGET_NAME)";
				SWIFT_EMIT_LOC_STRINGS = YES;
				SWIFT_VERSION = 5.0;
				TARGETED_DEVICE_FAMILY = "1,2";
			};
			name = Debug;
		};
		94EDC89128417BB8005D8375 /* Release */ = {
			isa = XCBuildConfiguration;
			buildSettings = {
				ASSETCATALOG_COMPILER_APPICON_NAME = AppIcon;
				ASSETCATALOG_COMPILER_GLOBAL_ACCENT_COLOR_NAME = AccentColor;
				CODE_SIGN_STYLE = Automatic;
				CURRENT_PROJECT_VERSION = 1;
				GENERATE_INFOPLIST_FILE = YES;
				INFOPLIST_FILE = SeriesCatalog/Info.plist;
				INFOPLIST_KEY_UIApplicationSupportsIndirectInputEvents = YES;
				INFOPLIST_KEY_UILaunchStoryboardName = LaunchScreen;
				INFOPLIST_KEY_UISupportedInterfaceOrientations_iPad = "UIInterfaceOrientationPortrait UIInterfaceOrientationPortraitUpsideDown UIInterfaceOrientationLandscapeLeft UIInterfaceOrientationLandscapeRight";
				INFOPLIST_KEY_UISupportedInterfaceOrientations_iPhone = "UIInterfaceOrientationPortrait UIInterfaceOrientationLandscapeLeft UIInterfaceOrientationLandscapeRight";
				LD_RUNPATH_SEARCH_PATHS = (
					"$(inherited)",
					"@executable_path/Frameworks",
				);
				MARKETING_VERSION = 1.0;
				PRODUCT_BUNDLE_IDENTIFIER = com.mockCompany.SeriesCatalog;
				PRODUCT_NAME = "$(TARGET_NAME)";
				SWIFT_EMIT_LOC_STRINGS = YES;
				SWIFT_VERSION = 5.0;
				TARGETED_DEVICE_FAMILY = "1,2";
			};
			name = Release;
		};
		94EDC89328417BB8005D8375 /* Debug */ = {
			isa = XCBuildConfiguration;
			buildSettings = {
				ALWAYS_EMBED_SWIFT_STANDARD_LIBRARIES = YES;
				BUNDLE_LOADER = "$(TEST_HOST)";
				CODE_SIGN_STYLE = Automatic;
				CURRENT_PROJECT_VERSION = 1;
				GENERATE_INFOPLIST_FILE = YES;
				IPHONEOS_DEPLOYMENT_TARGET = 15.5;
				MARKETING_VERSION = 1.0;
				PRODUCT_BUNDLE_IDENTIFIER = com.mockCompany.SeriesCatalogTests;
				PRODUCT_NAME = "$(TARGET_NAME)";
				SWIFT_EMIT_LOC_STRINGS = NO;
				SWIFT_VERSION = 5.0;
				TARGETED_DEVICE_FAMILY = "1,2";
				TEST_HOST = "$(BUILT_PRODUCTS_DIR)/SeriesCatalog.app/SeriesCatalog";
			};
			name = Debug;
		};
		94EDC89428417BB8005D8375 /* Release */ = {
			isa = XCBuildConfiguration;
			buildSettings = {
				ALWAYS_EMBED_SWIFT_STANDARD_LIBRARIES = YES;
				BUNDLE_LOADER = "$(TEST_HOST)";
				CODE_SIGN_STYLE = Automatic;
				CURRENT_PROJECT_VERSION = 1;
				GENERATE_INFOPLIST_FILE = YES;
				IPHONEOS_DEPLOYMENT_TARGET = 15.5;
				MARKETING_VERSION = 1.0;
				PRODUCT_BUNDLE_IDENTIFIER = com.mockCompany.SeriesCatalogTests;
				PRODUCT_NAME = "$(TARGET_NAME)";
				SWIFT_EMIT_LOC_STRINGS = NO;
				SWIFT_VERSION = 5.0;
				TARGETED_DEVICE_FAMILY = "1,2";
				TEST_HOST = "$(BUILT_PRODUCTS_DIR)/SeriesCatalog.app/SeriesCatalog";
			};
			name = Release;
		};
		94EDC89628417BB8005D8375 /* Debug */ = {
			isa = XCBuildConfiguration;
			buildSettings = {
				ALWAYS_EMBED_SWIFT_STANDARD_LIBRARIES = YES;
				CODE_SIGN_STYLE = Automatic;
				CURRENT_PROJECT_VERSION = 1;
				GENERATE_INFOPLIST_FILE = YES;
				MARKETING_VERSION = 1.0;
				PRODUCT_BUNDLE_IDENTIFIER = com.mockCompany.SeriesCatalogUITests;
				PRODUCT_NAME = "$(TARGET_NAME)";
				SWIFT_EMIT_LOC_STRINGS = NO;
				SWIFT_VERSION = 5.0;
				TARGETED_DEVICE_FAMILY = "1,2";
				TEST_TARGET_NAME = SeriesCatalog;
			};
			name = Debug;
		};
		94EDC89728417BB8005D8375 /* Release */ = {
			isa = XCBuildConfiguration;
			buildSettings = {
				ALWAYS_EMBED_SWIFT_STANDARD_LIBRARIES = YES;
				CODE_SIGN_STYLE = Automatic;
				CURRENT_PROJECT_VERSION = 1;
				GENERATE_INFOPLIST_FILE = YES;
				MARKETING_VERSION = 1.0;
				PRODUCT_BUNDLE_IDENTIFIER = com.mockCompany.SeriesCatalogUITests;
				PRODUCT_NAME = "$(TARGET_NAME)";
				SWIFT_EMIT_LOC_STRINGS = NO;
				SWIFT_VERSION = 5.0;
				TARGETED_DEVICE_FAMILY = "1,2";
				TEST_TARGET_NAME = SeriesCatalog;
			};
			name = Release;
		};
/* End XCBuildConfiguration section */

/* Begin XCConfigurationList section */
		94EDC86028417BB7005D8375 /* Build configuration list for PBXProject "SeriesCatalog" */ = {
			isa = XCConfigurationList;
			buildConfigurations = (
				94EDC88D28417BB8005D8375 /* Debug */,
				94EDC88E28417BB8005D8375 /* Release */,
			);
			defaultConfigurationIsVisible = 0;
			defaultConfigurationName = Release;
		};
		94EDC88F28417BB8005D8375 /* Build configuration list for PBXNativeTarget "SeriesCatalog" */ = {
			isa = XCConfigurationList;
			buildConfigurations = (
				94EDC89028417BB8005D8375 /* Debug */,
				94EDC89128417BB8005D8375 /* Release */,
			);
			defaultConfigurationIsVisible = 0;
			defaultConfigurationName = Release;
		};
		94EDC89228417BB8005D8375 /* Build configuration list for PBXNativeTarget "SeriesCatalogTests" */ = {
			isa = XCConfigurationList;
			buildConfigurations = (
				94EDC89328417BB8005D8375 /* Debug */,
				94EDC89428417BB8005D8375 /* Release */,
			);
			defaultConfigurationIsVisible = 0;
			defaultConfigurationName = Release;
		};
		94EDC89528417BB8005D8375 /* Build configuration list for PBXNativeTarget "SeriesCatalogUITests" */ = {
			isa = XCConfigurationList;
			buildConfigurations = (
				94EDC89628417BB8005D8375 /* Debug */,
				94EDC89728417BB8005D8375 /* Release */,
			);
			defaultConfigurationIsVisible = 0;
			defaultConfigurationName = Release;
		};
/* End XCConfigurationList section */

/* Begin XCRemoteSwiftPackageReference section */
		94EDC8B628417FCD005D8375 /* XCRemoteSwiftPackageReference "SDWebImage" */ = {
			isa = XCRemoteSwiftPackageReference;
			repositoryURL = "https://github.com/SDWebImage/SDWebImage";
			requirement = {
				kind = exactVersion;
				version = 5.9.5;
			};
		};
/* End XCRemoteSwiftPackageReference section */

/* Begin XCSwiftPackageProductDependency section */
		94EDC8B728417FCD005D8375 /* SDWebImage */ = {
			isa = XCSwiftPackageProductDependency;
			package = 94EDC8B628417FCD005D8375 /* XCRemoteSwiftPackageReference "SDWebImage" */;
			productName = SDWebImage;
		};
/* End XCSwiftPackageProductDependency section */
	};
	rootObject = 94EDC85D28417BB7005D8375 /* Project object */;
}
